# This file is autogenerated, do not edit; changes may be undone by the next 'dep ensure'.


[[projects]]
  branch = "master"
  name = "github.com/oskarszura/gowebserver"
  packages = [".","router","session","utils"]
  revision = "0d839fb7a696c48589cb34b3fe990eb524112ebb"

[[projects]]
  name = "gopkg.in/mgo.v2"
  packages = [".","bson","internal/json","internal/sasl","internal/scram"]
  revision = "3f83fa5005286a7fe593b055f0d7771a7dce4655"

[solve-meta]
  analyzer-name = "dep"
  analyzer-version = 1
  inputs-digest = "61f3b49fb5a4726b8b1361c39b8d5babcd5d135e3e6a31c175d6cb819f9ca5f7"
  solver-name = "gps-cdcl"
  solver-version = 1
